// !$*UTF8*$!
{
	archiveVersion = 1;
	classes = {
	};
	objectVersion = 46;
	objects = {

/* Begin PBXBuildFile section */
		0AC7840DD8CA61642FC85BF7 /* Pods_swift_testing.framework in Frameworks */ = {isa = PBXBuildFile; fileRef = 254C7A8F5683B5109A11F1DC /* Pods_swift_testing.framework */; };
		5571723736CB37B80A00AB4E /* Pods_swift_testing_swift_testing_Tests.framework in Frameworks */ = {isa = PBXBuildFile; fileRef = 750F4AE7519A59264E64B5F7 /* Pods_swift_testing_swift_testing_Tests.framework */; };
		BA13AA4A1E6A054C002663B1 /* UserTests.swift in Sources */ = {isa = PBXBuildFile; fileRef = BA13AA491E6A054C002663B1 /* UserTests.swift */; };
		BA13AA531E6A0DA3002663B1 /* AuthenticationManager.swift in Sources */ = {isa = PBXBuildFile; fileRef = BA13AA521E6A0DA3002663B1 /* AuthenticationManager.swift */; };
		BA13AA551E6A0E38002663B1 /* JSON.swift in Sources */ = {isa = PBXBuildFile; fileRef = BA13AA541E6A0E38002663B1 /* JSON.swift */; };
		BA13AA581E6A0FC1002663B1 /* AuthenticationManagerMock.swift in Sources */ = {isa = PBXBuildFile; fileRef = BA13AA571E6A0FC1002663B1 /* AuthenticationManagerMock.swift */; };
		BA39E9831E85566600C1A219 /* Issue1Tests.swift in Sources */ = {isa = PBXBuildFile; fileRef = BA39E9821E85566600C1A219 /* Issue1Tests.swift */; };
		BA39E9851E85568F00C1A219 /* Issue2Tests.swift in Sources */ = {isa = PBXBuildFile; fileRef = BA39E9841E85568F00C1A219 /* Issue2Tests.swift */; };
		BA39E9871E8556B400C1A219 /* Issue3Tests.swift in Sources */ = {isa = PBXBuildFile; fileRef = BA39E9861E8556B400C1A219 /* Issue3Tests.swift */; };
		BA39E9891E8556D500C1A219 /* Issue4Tests.swift in Sources */ = {isa = PBXBuildFile; fileRef = BA39E9881E8556D500C1A219 /* Issue4Tests.swift */; };
		BA39E98B1E85625C00C1A219 /* Issue2.1Tests.swift in Sources */ = {isa = PBXBuildFile; fileRef = BA39E98A1E85625C00C1A219 /* Issue2.1Tests.swift */; };
		BA39E98D1E85672000C1A219 /* Issue4.1Tests.swift in Sources */ = {isa = PBXBuildFile; fileRef = BA39E98C1E85672000C1A219 /* Issue4.1Tests.swift */; };
		BA5E30701E79804800F1BE74 /* UserCellTests.swift in Sources */ = {isa = PBXBuildFile; fileRef = BA5E306F1E79804800F1BE74 /* UserCellTests.swift */; };
		BA5E30731E79805C00F1BE74 /* UserCell.swift in Sources */ = {isa = PBXBuildFile; fileRef = BA5E30721E79805C00F1BE74 /* UserCell.swift */; };
		BA5E309F1E7C27CA00F1BE74 /* JsonObjectResponse.swift in Sources */ = {isa = PBXBuildFile; fileRef = BA5E309E1E7C27CA00F1BE74 /* JsonObjectResponse.swift */; };
		BA621D131F2220FC00A714FB /* MyTableViewController.swift in Sources */ = {isa = PBXBuildFile; fileRef = BA621D121F2220FC00A714FB /* MyTableViewController.swift */; };
		BA621D151F22214300A714FB /* MyDelegateDatasource.swift in Sources */ = {isa = PBXBuildFile; fileRef = BA621D141F22214300A714FB /* MyDelegateDatasource.swift */; };
		BA621D1A1F2225E400A714FB /* MyDelegateDatasourceTest.swift in Sources */ = {isa = PBXBuildFile; fileRef = BA621D191F2225E400A714FB /* MyDelegateDatasourceTest.swift */; };
		BA621D1C1F2225F900A714FB /* MyDelegateDatasourceMock.swift in Sources */ = {isa = PBXBuildFile; fileRef = BA621D1B1F2225F900A714FB /* MyDelegateDatasourceMock.swift */; };
		BA621D1E1F222DD500A714FB /* test.swift in Sources */ = {isa = PBXBuildFile; fileRef = BA621D1D1F222DD500A714FB /* test.swift */; };
		BAB28AA11E76D1CD00A2B465 /* NetworkRequestTest.swift in Sources */ = {isa = PBXBuildFile; fileRef = BAB28AA01E76D1CD00A2B465 /* NetworkRequestTest.swift */; };
		BAB28AA31E76D20F00A2B465 /* NetworkRequest.swift in Sources */ = {isa = PBXBuildFile; fileRef = BAB28AA21E76D20F00A2B465 /* NetworkRequest.swift */; };
		BAC4C9421E6DB00100D43FC9 /* LoginViewXib.xib in Resources */ = {isa = PBXBuildFile; fileRef = BAC4C9411E6DB00100D43FC9 /* LoginViewXib.xib */; };
		BAC4C9441E6DB06500D43FC9 /* LoginViewXibTests.swift in Sources */ = {isa = PBXBuildFile; fileRef = BAC4C9431E6DB06500D43FC9 /* LoginViewXibTests.swift */; };
		BAC4C9461E6DC22A00D43FC9 /* LoginViewXib.swift in Sources */ = {isa = PBXBuildFile; fileRef = BAC4C9451E6DC22A00D43FC9 /* LoginViewXib.swift */; };
		BAD2F0281E816EDF003D7B9B /* SFDisplay-Regular.otf in Resources */ = {isa = PBXBuildFile; fileRef = BAD2F0271E816EDF003D7B9B /* SFDisplay-Regular.otf */; };
		BAD2F02A1E818BC1003D7B9B /* UserCellXib.xib in Resources */ = {isa = PBXBuildFile; fileRef = BAD2F0291E818BC1003D7B9B /* UserCellXib.xib */; };
		BAD2F02C1E818C53003D7B9B /* UserCellXibTests.swift in Sources */ = {isa = PBXBuildFile; fileRef = BAD2F02B1E818C53003D7B9B /* UserCellXibTests.swift */; };
		BAD2F02E1E818C77003D7B9B /* UserCellXib.swift in Sources */ = {isa = PBXBuildFile; fileRef = BAD2F02D1E818C77003D7B9B /* UserCellXib.swift */; };
		BAD2F0301E81A56E003D7B9B /* Storyboard.storyboard in Resources */ = {isa = PBXBuildFile; fileRef = BAD2F02F1E81A56E003D7B9B /* Storyboard.storyboard */; };
		BAD2F0321E81A8BA003D7B9B /* SFDisplay-Bold.otf in Resources */ = {isa = PBXBuildFile; fileRef = BAD2F0311E81A8BA003D7B9B /* SFDisplay-Bold.otf */; };
		BAE46CFF1E69D26600EFA3B4 /* AppDelegate.swift in Sources */ = {isa = PBXBuildFile; fileRef = BAE46CFE1E69D26600EFA3B4 /* AppDelegate.swift */; };
		BAE46D011E69D26600EFA3B4 /* LoginViewController.swift in Sources */ = {isa = PBXBuildFile; fileRef = BAE46D001E69D26600EFA3B4 /* LoginViewController.swift */; };
		BAE46D061E69D26600EFA3B4 /* Assets.xcassets in Resources */ = {isa = PBXBuildFile; fileRef = BAE46D051E69D26600EFA3B4 /* Assets.xcassets */; };
		BAE46D211E69DE7100EFA3B4 /* LoginView.swift in Sources */ = {isa = PBXBuildFile; fileRef = BAE46D201E69DE7100EFA3B4 /* LoginView.swift */; };
		BAE46D3E1E69EBF700EFA3B4 /* LoginViewTests.swift in Sources */ = {isa = PBXBuildFile; fileRef = BAE46D3D1E69EBF700EFA3B4 /* LoginViewTests.swift */; };
		BAE46D411E69EE1F00EFA3B4 /* UITextField+Extension.swift in Sources */ = {isa = PBXBuildFile; fileRef = BAE46D401E69EE1F00EFA3B4 /* UITextField+Extension.swift */; };
		BAE46D431E69F26200EFA3B4 /* UITextField+Extension.swift in Sources */ = {isa = PBXBuildFile; fileRef = BAE46D421E69F26200EFA3B4 /* UITextField+Extension.swift */; };
		BAE46D461E69F4A700EFA3B4 /* LoginViewControllerTests.swift in Sources */ = {isa = PBXBuildFile; fileRef = BAE46D451E69F4A700EFA3B4 /* LoginViewControllerTests.swift */; };
		BAE46D491E69FC3700EFA3B4 /* User.swift in Sources */ = {isa = PBXBuildFile; fileRef = BAE46D481E69FC3700EFA3B4 /* User.swift */; };
		BAE46D4B1E69FCD100EFA3B4 /* Access.swift in Sources */ = {isa = PBXBuildFile; fileRef = BAE46D4A1E69FCD100EFA3B4 /* Access.swift */; };
		BAE46D4E1E6A01FA00EFA3B4 /* AccessTests.swift in Sources */ = {isa = PBXBuildFile; fileRef = BAE46D4D1E6A01FA00EFA3B4 /* AccessTests.swift */; };
/* End PBXBuildFile section */

/* Begin PBXContainerItemProxy section */
		BAE46D381E69EBD600EFA3B4 /* PBXContainerItemProxy */ = {
			isa = PBXContainerItemProxy;
			containerPortal = BAE46CF31E69D26600EFA3B4 /* Project object */;
			proxyType = 1;
			remoteGlobalIDString = BAE46CFA1E69D26600EFA3B4;
			remoteInfo = "swift-testing";
		};
/* End PBXContainerItemProxy section */

/* Begin PBXFileReference section */
		1A7F059416881F8E8B38D441 /* Pods-swift-testing.release.xcconfig */ = {isa = PBXFileReference; includeInIndex = 1; lastKnownFileType = text.xcconfig; name = "Pods-swift-testing.release.xcconfig"; path = "Pods/Target Support Files/Pods-swift-testing/Pods-swift-testing.release.xcconfig"; sourceTree = "<group>"; };
		254C7A8F5683B5109A11F1DC /* Pods_swift_testing.framework */ = {isa = PBXFileReference; explicitFileType = wrapper.framework; includeInIndex = 0; path = Pods_swift_testing.framework; sourceTree = BUILT_PRODUCTS_DIR; };
		3AD6EF1BBFD2A21EF3B90693 /* Pods-swift-testing.debug.xcconfig */ = {isa = PBXFileReference; includeInIndex = 1; lastKnownFileType = text.xcconfig; name = "Pods-swift-testing.debug.xcconfig"; path = "Pods/Target Support Files/Pods-swift-testing/Pods-swift-testing.debug.xcconfig"; sourceTree = "<group>"; };
		41E0F4244A86533D85E9D561 /* Pods-swift-testing-swift-unit-testing.release.xcconfig */ = {isa = PBXFileReference; includeInIndex = 1; lastKnownFileType = text.xcconfig; name = "Pods-swift-testing-swift-unit-testing.release.xcconfig"; path = "Pods/Target Support Files/Pods-swift-testing-swift-unit-testing/Pods-swift-testing-swift-unit-testing.release.xcconfig"; sourceTree = "<group>"; };
		750F4AE7519A59264E64B5F7 /* Pods_swift_testing_swift_testing_Tests.framework */ = {isa = PBXFileReference; explicitFileType = wrapper.framework; includeInIndex = 0; path = Pods_swift_testing_swift_testing_Tests.framework; sourceTree = BUILT_PRODUCTS_DIR; };
		95633ECE1B1F98CFEB81B66A /* Pods_swift_testing_swift_unit_testing.framework */ = {isa = PBXFileReference; explicitFileType = wrapper.framework; includeInIndex = 0; path = Pods_swift_testing_swift_unit_testing.framework; sourceTree = BUILT_PRODUCTS_DIR; };
		9CA72E898E9EC943D09CCD13 /* Pods-swift-testing-swift-unit-testing.debug.xcconfig */ = {isa = PBXFileReference; includeInIndex = 1; lastKnownFileType = text.xcconfig; name = "Pods-swift-testing-swift-unit-testing.debug.xcconfig"; path = "Pods/Target Support Files/Pods-swift-testing-swift-unit-testing/Pods-swift-testing-swift-unit-testing.debug.xcconfig"; sourceTree = "<group>"; };
		A8B7382856C9AC88C02C216D /* Pods-swift-testing-swift-testing Tests.debug.xcconfig */ = {isa = PBXFileReference; includeInIndex = 1; lastKnownFileType = text.xcconfig; name = "Pods-swift-testing-swift-testing Tests.debug.xcconfig"; path = "Pods/Target Support Files/Pods-swift-testing-swift-testing Tests/Pods-swift-testing-swift-testing Tests.debug.xcconfig"; sourceTree = "<group>"; };
		B38AF7057D3CFD4215EDA27E /* Pods-swift-testing-swift-testing Tests.release.xcconfig */ = {isa = PBXFileReference; includeInIndex = 1; lastKnownFileType = text.xcconfig; name = "Pods-swift-testing-swift-testing Tests.release.xcconfig"; path = "Pods/Target Support Files/Pods-swift-testing-swift-testing Tests/Pods-swift-testing-swift-testing Tests.release.xcconfig"; sourceTree = "<group>"; };
		BA13AA491E6A054C002663B1 /* UserTests.swift */ = {isa = PBXFileReference; fileEncoding = 4; lastKnownFileType = sourcecode.swift; path = UserTests.swift; sourceTree = "<group>"; };
		BA13AA521E6A0DA3002663B1 /* AuthenticationManager.swift */ = {isa = PBXFileReference; fileEncoding = 4; lastKnownFileType = sourcecode.swift; path = AuthenticationManager.swift; sourceTree = "<group>"; };
		BA13AA541E6A0E38002663B1 /* JSON.swift */ = {isa = PBXFileReference; fileEncoding = 4; lastKnownFileType = sourcecode.swift; path = JSON.swift; sourceTree = "<group>"; };
		BA13AA571E6A0FC1002663B1 /* AuthenticationManagerMock.swift */ = {isa = PBXFileReference; fileEncoding = 4; lastKnownFileType = sourcecode.swift; path = AuthenticationManagerMock.swift; sourceTree = "<group>"; };
		BA39E9821E85566600C1A219 /* Issue1Tests.swift */ = {isa = PBXFileReference; fileEncoding = 4; lastKnownFileType = sourcecode.swift; path = Issue1Tests.swift; sourceTree = "<group>"; };
		BA39E9841E85568F00C1A219 /* Issue2Tests.swift */ = {isa = PBXFileReference; fileEncoding = 4; lastKnownFileType = sourcecode.swift; path = Issue2Tests.swift; sourceTree = "<group>"; };
		BA39E9861E8556B400C1A219 /* Issue3Tests.swift */ = {isa = PBXFileReference; fileEncoding = 4; lastKnownFileType = sourcecode.swift; path = Issue3Tests.swift; sourceTree = "<group>"; };
		BA39E9881E8556D500C1A219 /* Issue4Tests.swift */ = {isa = PBXFileReference; fileEncoding = 4; lastKnownFileType = sourcecode.swift; path = Issue4Tests.swift; sourceTree = "<group>"; };
		BA39E98A1E85625C00C1A219 /* Issue2.1Tests.swift */ = {isa = PBXFileReference; fileEncoding = 4; lastKnownFileType = sourcecode.swift; path = Issue2.1Tests.swift; sourceTree = "<group>"; };
		BA39E98C1E85672000C1A219 /* Issue4.1Tests.swift */ = {isa = PBXFileReference; fileEncoding = 4; lastKnownFileType = sourcecode.swift; path = Issue4.1Tests.swift; sourceTree = "<group>"; };
		BA5E306F1E79804800F1BE74 /* UserCellTests.swift */ = {isa = PBXFileReference; fileEncoding = 4; lastKnownFileType = sourcecode.swift; path = UserCellTests.swift; sourceTree = "<group>"; };
		BA5E30721E79805C00F1BE74 /* UserCell.swift */ = {isa = PBXFileReference; fileEncoding = 4; lastKnownFileType = sourcecode.swift; path = UserCell.swift; sourceTree = "<group>"; };
		BA5E309E1E7C27CA00F1BE74 /* JsonObjectResponse.swift */ = {isa = PBXFileReference; fileEncoding = 4; lastKnownFileType = sourcecode.swift; path = JsonObjectResponse.swift; sourceTree = "<group>"; };
		BA621D121F2220FC00A714FB /* MyTableViewController.swift */ = {isa = PBXFileReference; fileEncoding = 4; lastKnownFileType = sourcecode.swift; path = MyTableViewController.swift; sourceTree = "<group>"; };
		BA621D141F22214300A714FB /* MyDelegateDatasource.swift */ = {isa = PBXFileReference; fileEncoding = 4; lastKnownFileType = sourcecode.swift; path = MyDelegateDatasource.swift; sourceTree = "<group>"; };
		BA621D191F2225E400A714FB /* MyDelegateDatasourceTest.swift */ = {isa = PBXFileReference; fileEncoding = 4; lastKnownFileType = sourcecode.swift; path = MyDelegateDatasourceTest.swift; sourceTree = "<group>"; };
		BA621D1B1F2225F900A714FB /* MyDelegateDatasourceMock.swift */ = {isa = PBXFileReference; fileEncoding = 4; lastKnownFileType = sourcecode.swift; path = MyDelegateDatasourceMock.swift; sourceTree = "<group>"; };
		BA621D1D1F222DD500A714FB /* test.swift */ = {isa = PBXFileReference; fileEncoding = 4; lastKnownFileType = sourcecode.swift; path = test.swift; sourceTree = "<group>"; };
		BAB28AA01E76D1CD00A2B465 /* NetworkRequestTest.swift */ = {isa = PBXFileReference; fileEncoding = 4; lastKnownFileType = sourcecode.swift; path = NetworkRequestTest.swift; sourceTree = "<group>"; };
		BAB28AA21E76D20F00A2B465 /* NetworkRequest.swift */ = {isa = PBXFileReference; fileEncoding = 4; lastKnownFileType = sourcecode.swift; path = NetworkRequest.swift; sourceTree = "<group>"; };
		BAC4C9411E6DB00100D43FC9 /* LoginViewXib.xib */ = {isa = PBXFileReference; fileEncoding = 4; lastKnownFileType = file.xib; path = LoginViewXib.xib; sourceTree = "<group>"; };
		BAC4C9431E6DB06500D43FC9 /* LoginViewXibTests.swift */ = {isa = PBXFileReference; fileEncoding = 4; lastKnownFileType = sourcecode.swift; path = LoginViewXibTests.swift; sourceTree = "<group>"; };
		BAC4C9451E6DC22A00D43FC9 /* LoginViewXib.swift */ = {isa = PBXFileReference; fileEncoding = 4; lastKnownFileType = sourcecode.swift; path = LoginViewXib.swift; sourceTree = "<group>"; };
		BAD2F0271E816EDF003D7B9B /* SFDisplay-Regular.otf */ = {isa = PBXFileReference; lastKnownFileType = file; path = "SFDisplay-Regular.otf"; sourceTree = "<group>"; };
		BAD2F0291E818BC1003D7B9B /* UserCellXib.xib */ = {isa = PBXFileReference; fileEncoding = 4; lastKnownFileType = file.xib; path = UserCellXib.xib; sourceTree = "<group>"; };
		BAD2F02B1E818C53003D7B9B /* UserCellXibTests.swift */ = {isa = PBXFileReference; fileEncoding = 4; lastKnownFileType = sourcecode.swift; path = UserCellXibTests.swift; sourceTree = "<group>"; };
		BAD2F02D1E818C77003D7B9B /* UserCellXib.swift */ = {isa = PBXFileReference; fileEncoding = 4; lastKnownFileType = sourcecode.swift; path = UserCellXib.swift; sourceTree = "<group>"; };
		BAD2F02F1E81A56E003D7B9B /* Storyboard.storyboard */ = {isa = PBXFileReference; fileEncoding = 4; lastKnownFileType = file.storyboard; path = Storyboard.storyboard; sourceTree = "<group>"; };
		BAD2F0311E81A8BA003D7B9B /* SFDisplay-Bold.otf */ = {isa = PBXFileReference; lastKnownFileType = file; path = "SFDisplay-Bold.otf"; sourceTree = "<group>"; };
		BAE46CFB1E69D26600EFA3B4 /* swift-testing.app */ = {isa = PBXFileReference; explicitFileType = wrapper.application; includeInIndex = 0; path = "swift-testing.app"; sourceTree = BUILT_PRODUCTS_DIR; };
		BAE46CFE1E69D26600EFA3B4 /* AppDelegate.swift */ = {isa = PBXFileReference; lastKnownFileType = sourcecode.swift; path = AppDelegate.swift; sourceTree = "<group>"; };
		BAE46D001E69D26600EFA3B4 /* LoginViewController.swift */ = {isa = PBXFileReference; lastKnownFileType = sourcecode.swift; path = LoginViewController.swift; sourceTree = "<group>"; };
		BAE46D051E69D26600EFA3B4 /* Assets.xcassets */ = {isa = PBXFileReference; lastKnownFileType = folder.assetcatalog; path = Assets.xcassets; sourceTree = "<group>"; };
		BAE46D0A1E69D26600EFA3B4 /* Info.plist */ = {isa = PBXFileReference; lastKnownFileType = text.plist.xml; path = Info.plist; sourceTree = "<group>"; };
		BAE46D201E69DE7100EFA3B4 /* LoginView.swift */ = {isa = PBXFileReference; fileEncoding = 4; lastKnownFileType = sourcecode.swift; path = LoginView.swift; sourceTree = "<group>"; };
		BAE46D331E69EBD600EFA3B4 /* swift-testing Tests.xctest */ = {isa = PBXFileReference; explicitFileType = wrapper.cfbundle; includeInIndex = 0; path = "swift-testing Tests.xctest"; sourceTree = BUILT_PRODUCTS_DIR; };
		BAE46D371E69EBD600EFA3B4 /* Info.plist */ = {isa = PBXFileReference; lastKnownFileType = text.plist.xml; path = Info.plist; sourceTree = "<group>"; };
		BAE46D3D1E69EBF700EFA3B4 /* LoginViewTests.swift */ = {isa = PBXFileReference; fileEncoding = 4; lastKnownFileType = sourcecode.swift; path = LoginViewTests.swift; sourceTree = "<group>"; };
		BAE46D401E69EE1F00EFA3B4 /* UITextField+Extension.swift */ = {isa = PBXFileReference; fileEncoding = 4; lastKnownFileType = sourcecode.swift; path = "UITextField+Extension.swift"; sourceTree = "<group>"; };
		BAE46D421E69F26200EFA3B4 /* UITextField+Extension.swift */ = {isa = PBXFileReference; fileEncoding = 4; lastKnownFileType = sourcecode.swift; path = "UITextField+Extension.swift"; sourceTree = "<group>"; };
		BAE46D451E69F4A700EFA3B4 /* LoginViewControllerTests.swift */ = {isa = PBXFileReference; fileEncoding = 4; lastKnownFileType = sourcecode.swift; path = LoginViewControllerTests.swift; sourceTree = "<group>"; };
		BAE46D481E69FC3700EFA3B4 /* User.swift */ = {isa = PBXFileReference; fileEncoding = 4; lastKnownFileType = sourcecode.swift; path = User.swift; sourceTree = "<group>"; };
		BAE46D4A1E69FCD100EFA3B4 /* Access.swift */ = {isa = PBXFileReference; fileEncoding = 4; lastKnownFileType = sourcecode.swift; path = Access.swift; sourceTree = "<group>"; };
		BAE46D4D1E6A01FA00EFA3B4 /* AccessTests.swift */ = {isa = PBXFileReference; fileEncoding = 4; lastKnownFileType = sourcecode.swift; path = AccessTests.swift; sourceTree = "<group>"; };
/* End PBXFileReference section */

/* Begin PBXFrameworksBuildPhase section */
		BAE46CF81E69D26600EFA3B4 /* Frameworks */ = {
			isa = PBXFrameworksBuildPhase;
			buildActionMask = 2147483647;
			files = (
				0AC7840DD8CA61642FC85BF7 /* Pods_swift_testing.framework in Frameworks */,
			);
			runOnlyForDeploymentPostprocessing = 0;
		};
		BAE46D301E69EBD600EFA3B4 /* Frameworks */ = {
			isa = PBXFrameworksBuildPhase;
			buildActionMask = 2147483647;
			files = (
				5571723736CB37B80A00AB4E /* Pods_swift_testing_swift_testing_Tests.framework in Frameworks */,
			);
			runOnlyForDeploymentPostprocessing = 0;
		};
/* End PBXFrameworksBuildPhase section */

/* Begin PBXGroup section */
		93B305E4E66C84E154794C5E /* Frameworks */ = {
			isa = PBXGroup;
			children = (
				254C7A8F5683B5109A11F1DC /* Pods_swift_testing.framework */,
				95633ECE1B1F98CFEB81B66A /* Pods_swift_testing_swift_unit_testing.framework */,
				750F4AE7519A59264E64B5F7 /* Pods_swift_testing_swift_testing_Tests.framework */,
			);
			name = Frameworks;
			sourceTree = "<group>";
		};
		9E6F980D08F626B9C6A9C91C /* Pods */ = {
			isa = PBXGroup;
			children = (
				3AD6EF1BBFD2A21EF3B90693 /* Pods-swift-testing.debug.xcconfig */,
				1A7F059416881F8E8B38D441 /* Pods-swift-testing.release.xcconfig */,
				9CA72E898E9EC943D09CCD13 /* Pods-swift-testing-swift-unit-testing.debug.xcconfig */,
				41E0F4244A86533D85E9D561 /* Pods-swift-testing-swift-unit-testing.release.xcconfig */,
				A8B7382856C9AC88C02C216D /* Pods-swift-testing-swift-testing Tests.debug.xcconfig */,
				B38AF7057D3CFD4215EDA27E /* Pods-swift-testing-swift-testing Tests.release.xcconfig */,
			);
			name = Pods;
			sourceTree = "<group>";
		};
		BA13AA511E6A0D94002663B1 /* Network */ = {
			isa = PBXGroup;
			children = (
				BAB28AA21E76D20F00A2B465 /* NetworkRequest.swift */,
				BA13AA521E6A0DA3002663B1 /* AuthenticationManager.swift */,
				BA5E309E1E7C27CA00F1BE74 /* JsonObjectResponse.swift */,
			);
			name = Network;
			sourceTree = "<group>";
		};
		BA13AA561E6A0FB3002663B1 /* Mock */ = {
			isa = PBXGroup;
			children = (
				BA13AA571E6A0FC1002663B1 /* AuthenticationManagerMock.swift */,
			);
			name = Mock;
			sourceTree = "<group>";
		};
		BA39E9811E85564A00C1A219 /* Snapshot issues */ = {
			isa = PBXGroup;
			children = (
				BA39E9821E85566600C1A219 /* Issue1Tests.swift */,
				BA39E9841E85568F00C1A219 /* Issue2Tests.swift */,
				BA39E98A1E85625C00C1A219 /* Issue2.1Tests.swift */,
				BA39E9861E8556B400C1A219 /* Issue3Tests.swift */,
				BA39E9881E8556D500C1A219 /* Issue4Tests.swift */,
				BA39E98C1E85672000C1A219 /* Issue4.1Tests.swift */,
			);
			name = "Snapshot issues";
			sourceTree = "<group>";
		};
		BA5E30711E79804D00F1BE74 /* Cell */ = {
			isa = PBXGroup;
			children = (
				BAD2F02B1E818C53003D7B9B /* UserCellXibTests.swift */,
				BA5E306F1E79804800F1BE74 /* UserCellTests.swift */,
			);
			name = Cell;
			sourceTree = "<group>";
		};
		BA5E30741E79805F00F1BE74 /* Cell */ = {
			isa = PBXGroup;
			children = (
				BA5E30721E79805C00F1BE74 /* UserCell.swift */,
				BAD2F02D1E818C77003D7B9B /* UserCellXib.swift */,
				BAD2F0291E818BC1003D7B9B /* UserCellXib.xib */,
			);
			name = Cell;
			sourceTree = "<group>";
		};
		BA621D111F2220D400A714FB /* Datasource/Delegate */ = {
			isa = PBXGroup;
			children = (
				BA621D121F2220FC00A714FB /* MyTableViewController.swift */,
				BA621D141F22214300A714FB /* MyDelegateDatasource.swift */,
				BA621D1D1F222DD500A714FB /* test.swift */,
			);
			name = Datasource/Delegate;
			sourceTree = "<group>";
		};
		BA621D181F2225CA00A714FB /* Datasource/Delegate */ = {
			isa = PBXGroup;
			children = (
				BA621D191F2225E400A714FB /* MyDelegateDatasourceTest.swift */,
				BA621D1B1F2225F900A714FB /* MyDelegateDatasourceMock.swift */,
			);
			name = Datasource/Delegate;
			sourceTree = "<group>";
		};
		BAE46CF21E69D26600EFA3B4 = {
			isa = PBXGroup;
			children = (
				BAE46CFD1E69D26600EFA3B4 /* swift-testing */,
				BAE46D341E69EBD600EFA3B4 /* swift-testing Tests */,
				BAE46CFC1E69D26600EFA3B4 /* Products */,
				9E6F980D08F626B9C6A9C91C /* Pods */,
				93B305E4E66C84E154794C5E /* Frameworks */,
			);
			sourceTree = "<group>";
		};
		BAE46CFC1E69D26600EFA3B4 /* Products */ = {
			isa = PBXGroup;
			children = (
				BAE46CFB1E69D26600EFA3B4 /* swift-testing.app */,
				BAE46D331E69EBD600EFA3B4 /* swift-testing Tests.xctest */,
			);
			name = Products;
			sourceTree = "<group>";
		};
		BAE46CFD1E69D26600EFA3B4 /* swift-testing */ = {
			isa = PBXGroup;
			children = (
				BAD2F0311E81A8BA003D7B9B /* SFDisplay-Bold.otf */,
				BAD2F0271E816EDF003D7B9B /* SFDisplay-Regular.otf */,
				BA621D111F2220D400A714FB /* Datasource/Delegate */,
				BA5E30741E79805F00F1BE74 /* Cell */,
				BA13AA511E6A0D94002663B1 /* Network */,
				BAE46D471E69FC2800EFA3B4 /* Model */,
				BAE46D1F1E69DDC000EFA3B4 /* Viewcontroller */,
				BAE46D1E1E69DDB700EFA3B4 /* View */,
				BAE46CFE1E69D26600EFA3B4 /* AppDelegate.swift */,
				BAE46D051E69D26600EFA3B4 /* Assets.xcassets */,
				BAE46D0A1E69D26600EFA3B4 /* Info.plist */,
				BAE46D401E69EE1F00EFA3B4 /* UITextField+Extension.swift */,
			);
			path = "swift-testing";
			sourceTree = "<group>";
		};
		BAE46D1E1E69DDB700EFA3B4 /* View */ = {
			isa = PBXGroup;
			children = (
				BAE46D201E69DE7100EFA3B4 /* LoginView.swift */,
				BAC4C9451E6DC22A00D43FC9 /* LoginViewXib.swift */,
				BAC4C9411E6DB00100D43FC9 /* LoginViewXib.xib */,
			);
			name = View;
			sourceTree = "<group>";
		};
		BAE46D1F1E69DDC000EFA3B4 /* Viewcontroller */ = {
			isa = PBXGroup;
			children = (
				BAE46D001E69D26600EFA3B4 /* LoginViewController.swift */,
				BAD2F02F1E81A56E003D7B9B /* Storyboard.storyboard */,
			);
			name = Viewcontroller;
			sourceTree = "<group>";
		};
		BAE46D341E69EBD600EFA3B4 /* swift-testing Tests */ = {
			isa = PBXGroup;
			children = (
				BA621D181F2225CA00A714FB /* Datasource/Delegate */,
				BA39E9811E85564A00C1A219 /* Snapshot issues */,
				BAB28AA01E76D1CD00A2B465 /* NetworkRequestTest.swift */,
				BA5E30711E79804D00F1BE74 /* Cell */,
				BA13AA561E6A0FB3002663B1 /* Mock */,
				BAE46D4C1E6A01ED00EFA3B4 /* Model */,
				BAE46D441E69F49500EFA3B4 /* Viewcontroller */,
				BAE46D3F1E69EC3D00EFA3B4 /* View */,
				BAE46D371E69EBD600EFA3B4 /* Info.plist */,
				BAE46D421E69F26200EFA3B4 /* UITextField+Extension.swift */,
			);
			path = "swift-testing Tests";
			sourceTree = "<group>";
		};
		BAE46D3F1E69EC3D00EFA3B4 /* View */ = {
			isa = PBXGroup;
			children = (
				BAE46D3D1E69EBF700EFA3B4 /* LoginViewTests.swift */,
				BAC4C9431E6DB06500D43FC9 /* LoginViewXibTests.swift */,
			);
			name = View;
			sourceTree = "<group>";
		};
		BAE46D441E69F49500EFA3B4 /* Viewcontroller */ = {
			isa = PBXGroup;
			children = (
				BAE46D451E69F4A700EFA3B4 /* LoginViewControllerTests.swift */,
			);
			name = Viewcontroller;
			sourceTree = "<group>";
		};
		BAE46D471E69FC2800EFA3B4 /* Model */ = {
			isa = PBXGroup;
			children = (
				BAE46D481E69FC3700EFA3B4 /* User.swift */,
				BAE46D4A1E69FCD100EFA3B4 /* Access.swift */,
				BA13AA541E6A0E38002663B1 /* JSON.swift */,
			);
			name = Model;
			sourceTree = "<group>";
		};
		BAE46D4C1E6A01ED00EFA3B4 /* Model */ = {
			isa = PBXGroup;
			children = (
				BAE46D4D1E6A01FA00EFA3B4 /* AccessTests.swift */,
				BA13AA491E6A054C002663B1 /* UserTests.swift */,
			);
			name = Model;
			sourceTree = "<group>";
		};
/* End PBXGroup section */

/* Begin PBXNativeTarget section */
		BAE46CFA1E69D26600EFA3B4 /* swift-testing */ = {
			isa = PBXNativeTarget;
			buildConfigurationList = BAE46D0D1E69D26600EFA3B4 /* Build configuration list for PBXNativeTarget "swift-testing" */;
			buildPhases = (
				B7B3B58DD4A25B82AE5B04B0 /* [CP] Check Pods Manifest.lock */,
				BAE46CF71E69D26600EFA3B4 /* Sources */,
				BAE46CF81E69D26600EFA3B4 /* Frameworks */,
				BAE46CF91E69D26600EFA3B4 /* Resources */,
				FA672AA8BA9E94425CBC5794 /* [CP] Embed Pods Frameworks */,
				6CBCE337A72BAB3CBF047144 /* [CP] Copy Pods Resources */,
			);
			buildRules = (
			);
			dependencies = (
			);
			name = "swift-testing";
			productName = "swift-testing";
			productReference = BAE46CFB1E69D26600EFA3B4 /* swift-testing.app */;
			productType = "com.apple.product-type.application";
		};
		BAE46D321E69EBD600EFA3B4 /* swift-testing Tests */ = {
			isa = PBXNativeTarget;
			buildConfigurationList = BAE46D3A1E69EBD600EFA3B4 /* Build configuration list for PBXNativeTarget "swift-testing Tests" */;
			buildPhases = (
				A6E93D00F67B8F2003FC1D45 /* [CP] Check Pods Manifest.lock */,
				BAE46D2F1E69EBD600EFA3B4 /* Sources */,
				BAE46D301E69EBD600EFA3B4 /* Frameworks */,
				BAE46D311E69EBD600EFA3B4 /* Resources */,
				638E42FF14F6CC3BC342A0E8 /* [CP] Embed Pods Frameworks */,
				1414FE128E02AE38A66112E6 /* [CP] Copy Pods Resources */,
			);
			buildRules = (
			);
			dependencies = (
				BAE46D391E69EBD600EFA3B4 /* PBXTargetDependency */,
			);
			name = "swift-testing Tests";
			productName = "swift-testing Tests";
			productReference = BAE46D331E69EBD600EFA3B4 /* swift-testing Tests.xctest */;
			productType = "com.apple.product-type.bundle.unit-test";
		};
/* End PBXNativeTarget section */

/* Begin PBXProject section */
		BAE46CF31E69D26600EFA3B4 /* Project object */ = {
			isa = PBXProject;
			attributes = {
				LastSwiftUpdateCheck = 0820;
				LastUpgradeCheck = 0820;
				ORGANIZATIONNAME = "Rodrigo Cavalcante";
				TargetAttributes = {
					BAE46CFA1E69D26600EFA3B4 = {
						CreatedOnToolsVersion = 8.2.1;
						ProvisioningStyle = Automatic;
					};
					BAE46D321E69EBD600EFA3B4 = {
						CreatedOnToolsVersion = 8.2.1;
						LastSwiftMigration = 0820;
						ProvisioningStyle = Automatic;
						TestTargetID = BAE46CFA1E69D26600EFA3B4;
					};
				};
			};
			buildConfigurationList = BAE46CF61E69D26600EFA3B4 /* Build configuration list for PBXProject "swift-testing" */;
			compatibilityVersion = "Xcode 3.2";
			developmentRegion = English;
			hasScannedForEncodings = 0;
			knownRegions = (
				en,
				Base,
			);
			mainGroup = BAE46CF21E69D26600EFA3B4;
			productRefGroup = BAE46CFC1E69D26600EFA3B4 /* Products */;
			projectDirPath = "";
			projectRoot = "";
			targets = (
				BAE46CFA1E69D26600EFA3B4 /* swift-testing */,
				BAE46D321E69EBD600EFA3B4 /* swift-testing Tests */,
			);
		};
/* End PBXProject section */

/* Begin PBXResourcesBuildPhase section */
		BAE46CF91E69D26600EFA3B4 /* Resources */ = {
			isa = PBXResourcesBuildPhase;
			buildActionMask = 2147483647;
			files = (
				BAD2F0321E81A8BA003D7B9B /* SFDisplay-Bold.otf in Resources */,
				BAC4C9421E6DB00100D43FC9 /* LoginViewXib.xib in Resources */,
				BAD2F0281E816EDF003D7B9B /* SFDisplay-Regular.otf in Resources */,
				BAD2F02A1E818BC1003D7B9B /* UserCellXib.xib in Resources */,
				BAE46D061E69D26600EFA3B4 /* Assets.xcassets in Resources */,
				BAD2F0301E81A56E003D7B9B /* Storyboard.storyboard in Resources */,
			);
			runOnlyForDeploymentPostprocessing = 0;
		};
		BAE46D311E69EBD600EFA3B4 /* Resources */ = {
			isa = PBXResourcesBuildPhase;
			buildActionMask = 2147483647;
			files = (
			);
			runOnlyForDeploymentPostprocessing = 0;
		};
/* End PBXResourcesBuildPhase section */

/* Begin PBXShellScriptBuildPhase section */
		1414FE128E02AE38A66112E6 /* [CP] Copy Pods Resources */ = {
			isa = PBXShellScriptBuildPhase;
			buildActionMask = 2147483647;
			files = (
			);
			inputPaths = (
			);
			name = "[CP] Copy Pods Resources";
			outputPaths = (
			);
			runOnlyForDeploymentPostprocessing = 0;
			shellPath = /bin/sh;
			shellScript = "\"${SRCROOT}/Pods/Target Support Files/Pods-swift-testing-swift-testing Tests/Pods-swift-testing-swift-testing Tests-resources.sh\"\n";
			showEnvVarsInLog = 0;
		};
		638E42FF14F6CC3BC342A0E8 /* [CP] Embed Pods Frameworks */ = {
			isa = PBXShellScriptBuildPhase;
			buildActionMask = 2147483647;
			files = (
			);
			inputPaths = (
			);
			name = "[CP] Embed Pods Frameworks";
			outputPaths = (
			);
			runOnlyForDeploymentPostprocessing = 0;
			shellPath = /bin/sh;
			shellScript = "\"${SRCROOT}/Pods/Target Support Files/Pods-swift-testing-swift-testing Tests/Pods-swift-testing-swift-testing Tests-frameworks.sh\"\n";
			showEnvVarsInLog = 0;
		};
		6CBCE337A72BAB3CBF047144 /* [CP] Copy Pods Resources */ = {
			isa = PBXShellScriptBuildPhase;
			buildActionMask = 2147483647;
			files = (
			);
			inputPaths = (
			);
			name = "[CP] Copy Pods Resources";
			outputPaths = (
			);
			runOnlyForDeploymentPostprocessing = 0;
			shellPath = /bin/sh;
			shellScript = "\"${SRCROOT}/Pods/Target Support Files/Pods-swift-testing/Pods-swift-testing-resources.sh\"\n";
			showEnvVarsInLog = 0;
		};
		A6E93D00F67B8F2003FC1D45 /* [CP] Check Pods Manifest.lock */ = {
			isa = PBXShellScriptBuildPhase;
			buildActionMask = 2147483647;
			files = (
			);
			inputPaths = (
			);
			name = "[CP] Check Pods Manifest.lock";
			outputPaths = (
			);
			runOnlyForDeploymentPostprocessing = 0;
			shellPath = /bin/sh;
			shellScript = "diff \"${PODS_ROOT}/../Podfile.lock\" \"${PODS_ROOT}/Manifest.lock\" > /dev/null\nif [ $? != 0 ] ; then\n    # print error to STDERR\n    echo \"error: The sandbox is not in sync with the Podfile.lock. Run 'pod install' or update your CocoaPods installation.\" >&2\n    exit 1\nfi\n";
			showEnvVarsInLog = 0;
		};
		B7B3B58DD4A25B82AE5B04B0 /* [CP] Check Pods Manifest.lock */ = {
			isa = PBXShellScriptBuildPhase;
			buildActionMask = 2147483647;
			files = (
			);
			inputPaths = (
			);
			name = "[CP] Check Pods Manifest.lock";
			outputPaths = (
			);
			runOnlyForDeploymentPostprocessing = 0;
			shellPath = /bin/sh;
			shellScript = "diff \"${PODS_ROOT}/../Podfile.lock\" \"${PODS_ROOT}/Manifest.lock\" > /dev/null\nif [ $? != 0 ] ; then\n    # print error to STDERR\n    echo \"error: The sandbox is not in sync with the Podfile.lock. Run 'pod install' or update your CocoaPods installation.\" >&2\n    exit 1\nfi\n";
			showEnvVarsInLog = 0;
		};
		FA672AA8BA9E94425CBC5794 /* [CP] Embed Pods Frameworks */ = {
			isa = PBXShellScriptBuildPhase;
			buildActionMask = 2147483647;
			files = (
			);
			inputPaths = (
			);
			name = "[CP] Embed Pods Frameworks";
			outputPaths = (
			);
			runOnlyForDeploymentPostprocessing = 0;
			shellPath = /bin/sh;
			shellScript = "\"${SRCROOT}/Pods/Target Support Files/Pods-swift-testing/Pods-swift-testing-frameworks.sh\"\n";
			showEnvVarsInLog = 0;
		};
/* End PBXShellScriptBuildPhase section */

/* Begin PBXSourcesBuildPhase section */
		BAE46CF71E69D26600EFA3B4 /* Sources */ = {
			isa = PBXSourcesBuildPhase;
			buildActionMask = 2147483647;
			files = (
				BAD2F02E1E818C77003D7B9B /* UserCellXib.swift in Sources */,
				BA621D131F2220FC00A714FB /* MyTableViewController.swift in Sources */,
				BAE46D211E69DE7100EFA3B4 /* LoginView.swift in Sources */,
				BAC4C9461E6DC22A00D43FC9 /* LoginViewXib.swift in Sources */,
				BAE46D4B1E69FCD100EFA3B4 /* Access.swift in Sources */,
				BA621D1E1F222DD500A714FB /* test.swift in Sources */,
				BAE46D411E69EE1F00EFA3B4 /* UITextField+Extension.swift in Sources */,
				BAB28AA31E76D20F00A2B465 /* NetworkRequest.swift in Sources */,
				BA13AA551E6A0E38002663B1 /* JSON.swift in Sources */,
				BAE46D011E69D26600EFA3B4 /* LoginViewController.swift in Sources */,
				BA621D151F22214300A714FB /* MyDelegateDatasource.swift in Sources */,
				BAE46D491E69FC3700EFA3B4 /* User.swift in Sources */,
				BAE46CFF1E69D26600EFA3B4 /* AppDelegate.swift in Sources */,
				BA5E30731E79805C00F1BE74 /* UserCell.swift in Sources */,
				BA13AA531E6A0DA3002663B1 /* AuthenticationManager.swift in Sources */,
				BA5E309F1E7C27CA00F1BE74 /* JsonObjectResponse.swift in Sources */,
			);
			runOnlyForDeploymentPostprocessing = 0;
		};
		BAE46D2F1E69EBD600EFA3B4 /* Sources */ = {
			isa = PBXSourcesBuildPhase;
			buildActionMask = 2147483647;
			files = (
				BAE46D461E69F4A700EFA3B4 /* LoginViewControllerTests.swift in Sources */,
				BAE46D4E1E6A01FA00EFA3B4 /* AccessTests.swift in Sources */,
				BAD2F02C1E818C53003D7B9B /* UserCellXibTests.swift in Sources */,
				BAB28AA11E76D1CD00A2B465 /* NetworkRequestTest.swift in Sources */,
				BA13AA4A1E6A054C002663B1 /* UserTests.swift in Sources */,
				BA39E98B1E85625C00C1A219 /* Issue2.1Tests.swift in Sources */,
				BAC4C9441E6DB06500D43FC9 /* LoginViewXibTests.swift in Sources */,
				BA39E9851E85568F00C1A219 /* Issue2Tests.swift in Sources */,
				BA5E30701E79804800F1BE74 /* UserCellTests.swift in Sources */,
				BA621D1C1F2225F900A714FB /* MyDelegateDatasourceMock.swift in Sources */,
				BA621D1A1F2225E400A714FB /* MyDelegateDatasourceTest.swift in Sources */,
				BAE46D3E1E69EBF700EFA3B4 /* LoginViewTests.swift in Sources */,
				BAE46D431E69F26200EFA3B4 /* UITextField+Extension.swift in Sources */,
				BA39E9891E8556D500C1A219 /* Issue4Tests.swift in Sources */,
				BA13AA581E6A0FC1002663B1 /* AuthenticationManagerMock.swift in Sources */,
				BA39E98D1E85672000C1A219 /* Issue4.1Tests.swift in Sources */,
				BA39E9871E8556B400C1A219 /* Issue3Tests.swift in Sources */,
				BA39E9831E85566600C1A219 /* Issue1Tests.swift in Sources */,
			);
			runOnlyForDeploymentPostprocessing = 0;
		};
/* End PBXSourcesBuildPhase section */

/* Begin PBXTargetDependency section */
		BAE46D391E69EBD600EFA3B4 /* PBXTargetDependency */ = {
			isa = PBXTargetDependency;
			target = BAE46CFA1E69D26600EFA3B4 /* swift-testing */;
			targetProxy = BAE46D381E69EBD600EFA3B4 /* PBXContainerItemProxy */;
		};
/* End PBXTargetDependency section */

/* Begin XCBuildConfiguration section */
		BAE46D0B1E69D26600EFA3B4 /* Debug */ = {
			isa = XCBuildConfiguration;
			buildSettings = {
				ALWAYS_SEARCH_USER_PATHS = NO;
				CLANG_ANALYZER_NONNULL = YES;
				CLANG_CXX_LANGUAGE_STANDARD = "gnu++0x";
				CLANG_CXX_LIBRARY = "libc++";
				CLANG_ENABLE_MODULES = YES;
				CLANG_ENABLE_OBJC_ARC = YES;
				CLANG_WARN_BOOL_CONVERSION = YES;
				CLANG_WARN_CONSTANT_CONVERSION = YES;
				CLANG_WARN_DIRECT_OBJC_ISA_USAGE = YES_ERROR;
				CLANG_WARN_DOCUMENTATION_COMMENTS = YES;
				CLANG_WARN_EMPTY_BODY = YES;
				CLANG_WARN_ENUM_CONVERSION = YES;
				CLANG_WARN_INFINITE_RECURSION = YES;
				CLANG_WARN_INT_CONVERSION = YES;
				CLANG_WARN_OBJC_ROOT_CLASS = YES_ERROR;
				CLANG_WARN_SUSPICIOUS_MOVE = YES;
				CLANG_WARN_UNREACHABLE_CODE = YES;
				CLANG_WARN__DUPLICATE_METHOD_MATCH = YES;
				"CODE_SIGN_IDENTITY[sdk=iphoneos*]" = "iPhone Developer";
				COPY_PHASE_STRIP = NO;
				DEBUG_INFORMATION_FORMAT = dwarf;
				ENABLE_STRICT_OBJC_MSGSEND = YES;
				ENABLE_TESTABILITY = YES;
				GCC_C_LANGUAGE_STANDARD = gnu99;
				GCC_DYNAMIC_NO_PIC = NO;
				GCC_NO_COMMON_BLOCKS = YES;
				GCC_OPTIMIZATION_LEVEL = 0;
				GCC_PREPROCESSOR_DEFINITIONS = (
					"DEBUG=1",
					"$(inherited)",
				);
				GCC_WARN_64_TO_32_BIT_CONVERSION = YES;
				GCC_WARN_ABOUT_RETURN_TYPE = YES_ERROR;
				GCC_WARN_UNDECLARED_SELECTOR = YES;
				GCC_WARN_UNINITIALIZED_AUTOS = YES_AGGRESSIVE;
				GCC_WARN_UNUSED_FUNCTION = YES;
				GCC_WARN_UNUSED_VARIABLE = YES;
				IPHONEOS_DEPLOYMENT_TARGET = 8.1;
				MTL_ENABLE_DEBUG_INFO = YES;
				ONLY_ACTIVE_ARCH = YES;
				SDKROOT = iphoneos;
				SWIFT_ACTIVE_COMPILATION_CONDITIONS = DEBUG;
				SWIFT_OPTIMIZATION_LEVEL = "-Onone";
			};
			name = Debug;
		};
		BAE46D0C1E69D26600EFA3B4 /* Release */ = {
			isa = XCBuildConfiguration;
			buildSettings = {
				ALWAYS_SEARCH_USER_PATHS = NO;
				CLANG_ANALYZER_NONNULL = YES;
				CLANG_CXX_LANGUAGE_STANDARD = "gnu++0x";
				CLANG_CXX_LIBRARY = "libc++";
				CLANG_ENABLE_MODULES = YES;
				CLANG_ENABLE_OBJC_ARC = YES;
				CLANG_WARN_BOOL_CONVERSION = YES;
				CLANG_WARN_CONSTANT_CONVERSION = YES;
				CLANG_WARN_DIRECT_OBJC_ISA_USAGE = YES_ERROR;
				CLANG_WARN_DOCUMENTATION_COMMENTS = YES;
				CLANG_WARN_EMPTY_BODY = YES;
				CLANG_WARN_ENUM_CONVERSION = YES;
				CLANG_WARN_INFINITE_RECURSION = YES;
				CLANG_WARN_INT_CONVERSION = YES;
				CLANG_WARN_OBJC_ROOT_CLASS = YES_ERROR;
				CLANG_WARN_SUSPICIOUS_MOVE = YES;
				CLANG_WARN_UNREACHABLE_CODE = YES;
				CLANG_WARN__DUPLICATE_METHOD_MATCH = YES;
				"CODE_SIGN_IDENTITY[sdk=iphoneos*]" = "iPhone Developer";
				COPY_PHASE_STRIP = NO;
				DEBUG_INFORMATION_FORMAT = "dwarf-with-dsym";
				ENABLE_NS_ASSERTIONS = NO;
				ENABLE_STRICT_OBJC_MSGSEND = YES;
				GCC_C_LANGUAGE_STANDARD = gnu99;
				GCC_NO_COMMON_BLOCKS = YES;
				GCC_WARN_64_TO_32_BIT_CONVERSION = YES;
				GCC_WARN_ABOUT_RETURN_TYPE = YES_ERROR;
				GCC_WARN_UNDECLARED_SELECTOR = YES;
				GCC_WARN_UNINITIALIZED_AUTOS = YES_AGGRESSIVE;
				GCC_WARN_UNUSED_FUNCTION = YES;
				GCC_WARN_UNUSED_VARIABLE = YES;
				IPHONEOS_DEPLOYMENT_TARGET = 8.1;
				MTL_ENABLE_DEBUG_INFO = NO;
				SDKROOT = iphoneos;
				SWIFT_OPTIMIZATION_LEVEL = "-Owholemodule";
				VALIDATE_PRODUCT = YES;
			};
			name = Release;
		};
		BAE46D0E1E69D26600EFA3B4 /* Debug */ = {
			isa = XCBuildConfiguration;
			baseConfigurationReference = 3AD6EF1BBFD2A21EF3B90693 /* Pods-swift-testing.debug.xcconfig */;
			buildSettings = {
				ASSETCATALOG_COMPILER_APPICON_NAME = AppIcon;
				INFOPLIST_FILE = "swift-testing/Info.plist";
				LD_RUNPATH_SEARCH_PATHS = "$(inherited) @executable_path/Frameworks";
				PRODUCT_BUNDLE_IDENTIFIER = "kzin.swift-testing";
				PRODUCT_NAME = "$(TARGET_NAME)";
				SWIFT_VERSION = 3.0;
			};
			name = Debug;
		};
		BAE46D0F1E69D26600EFA3B4 /* Release */ = {
			isa = XCBuildConfiguration;
			baseConfigurationReference = 1A7F059416881F8E8B38D441 /* Pods-swift-testing.release.xcconfig */;
			buildSettings = {
				ASSETCATALOG_COMPILER_APPICON_NAME = AppIcon;
				INFOPLIST_FILE = "swift-testing/Info.plist";
				LD_RUNPATH_SEARCH_PATHS = "$(inherited) @executable_path/Frameworks";
				PRODUCT_BUNDLE_IDENTIFIER = "kzin.swift-testing";
				PRODUCT_NAME = "$(TARGET_NAME)";
				SWIFT_VERSION = 3.0;
			};
			name = Release;
		};
		BAE46D3B1E69EBD600EFA3B4 /* Debug */ = {
			isa = XCBuildConfiguration;
			baseConfigurationReference = A8B7382856C9AC88C02C216D /* Pods-swift-testing-swift-testing Tests.debug.xcconfig */;
			buildSettings = {
				BUNDLE_LOADER = "$(TEST_HOST)";
				CLANG_ENABLE_MODULES = YES;
				INFOPLIST_FILE = "swift-testing Tests/Info.plist";
				LD_RUNPATH_SEARCH_PATHS = "$(inherited) @executable_path/Frameworks @loader_path/Frameworks";
				PRODUCT_BUNDLE_IDENTIFIER = "kzin.swift-testing-Tests";
				PRODUCT_NAME = "$(TARGET_NAME)";
				SWIFT_OPTIMIZATION_LEVEL = "-Onone";
				SWIFT_VERSION = 3.0;
				TEST_HOST = "$(BUILT_PRODUCTS_DIR)/swift-testing.app/swift-testing";
			};
			name = Debug;
		};
		BAE46D3C1E69EBD600EFA3B4 /* Release */ = {
			isa = XCBuildConfiguration;
			baseConfigurationReference = B38AF7057D3CFD4215EDA27E /* Pods-swift-testing-swift-testing Tests.release.xcconfig */;
			buildSettings = {
				BUNDLE_LOADER = "$(TEST_HOST)";
				CLANG_ENABLE_MODULES = YES;
				INFOPLIST_FILE = "swift-testing Tests/Info.plist";
				LD_RUNPATH_SEARCH_PATHS = "$(inherited) @executable_path/Frameworks @loader_path/Frameworks";
				PRODUCT_BUNDLE_IDENTIFIER = "kzin.swift-testing-Tests";
				PRODUCT_NAME = "$(TARGET_NAME)";
				SWIFT_VERSION = 3.0;
				TEST_HOST = "$(BUILT_PRODUCTS_DIR)/swift-testing.app/swift-testing";
			};
			name = Release;
		};
/* End XCBuildConfiguration section */

/* Begin XCConfigurationList section */
		BAE46CF61E69D26600EFA3B4 /* Build configuration list for PBXProject "swift-testing" */ = {
			isa = XCConfigurationList;
			buildConfigurations = (
				BAE46D0B1E69D26600EFA3B4 /* Debug */,
				BAE46D0C1E69D26600EFA3B4 /* Release */,
			);
			defaultConfigurationIsVisible = 0;
			defaultConfigurationName = Release;
		};
		BAE46D0D1E69D26600EFA3B4 /* Build configuration list for PBXNativeTarget "swift-testing" */ = {
			isa = XCConfigurationList;
			buildConfigurations = (
				BAE46D0E1E69D26600EFA3B4 /* Debug */,
				BAE46D0F1E69D26600EFA3B4 /* Release */,
			);
			defaultConfigurationIsVisible = 0;
			defaultConfigurationName = Release;
		};
		BAE46D3A1E69EBD600EFA3B4 /* Build configuration list for PBXNativeTarget "swift-testing Tests" */ = {
			isa = XCConfigurationList;
			buildConfigurations = (
				BAE46D3B1E69EBD600EFA3B4 /* Debug */,
				BAE46D3C1E69EBD600EFA3B4 /* Release */,
			);
			defaultConfigurationIsVisible = 0;
			defaultConfigurationName = Release;
		};
/* End XCConfigurationList section */
	};
	rootObject = BAE46CF31E69D26600EFA3B4 /* Project object */;
}
